
Microsoft Visual Studio Solution File, Format Version 12.00
# Visual Studio 2015
Project("{FAE04EC0-301F-11D3-BF4B-00C04F79EFBC}") = "Grid Pro Tutorial - new", "Grid Pro Tutorial - new.csproj", "{08ABC96F-B0C8-9329-1619-76760EFF8284}"
EndProject
Project("{FAE04EC0-301F-11D3-BF4B-00C04F79EFBC}") = "Grid Pro Tutorial - new.Editor", "Grid Pro Tutorial - new.Editor.csproj", "{C51398AC-8140-8EB4-4C91-3ACDD8866318}"
EndProject
Global
	GlobalSection(SolutionConfigurationPlatforms) = preSolution
		Debug|Any CPU = Debug|Any CPU
		Release|Any CPU = Release|Any CPU
	EndGlobalSection
	GlobalSection(ProjectConfigurationPlatforms) = postSolution
		{08ABC96F-B0C8-9329-1619-76760EFF8284}.Debug|Any CPU.ActiveCfg = Debug|Any CPU
		{08ABC96F-B0C8-9329-1619-76760EFF8284}.Debug|Any CPU.Build.0 = Debug|Any CPU
		{08ABC96F-B0C8-9329-1619-76760EFF8284}.Release|Any CPU.ActiveCfg = Release|Any CPU
		{08ABC96F-B0C8-9329-1619-76760EFF8284}.Release|Any CPU.Build.0 = Release|Any CPU
		{C51398AC-8140-8EB4-4C91-3ACDD8866318}.Debug|Any CPU.ActiveCfg = Debug|Any CPU
		{C51398AC-8140-8EB4-4C91-3ACDD8866318}.Debug|Any CPU.Build.0 = Debug|Any CPU
		{C51398AC-8140-8EB4-4C91-3ACDD8866318}.Release|Any CPU.ActiveCfg = Release|Any CPU
		{C51398AC-8140-8EB4-4C91-3ACDD8866318}.Release|Any CPU.Build.0 = Release|Any CPU
	EndGlobalSection
	GlobalSection(SolutionProperties) = preSolution
		HideSolutionNode = FALSE
	EndGlobalSection
EndGlobal
